
Microsoft Visual Studio Solution File, Format Version 12.00
# Visual Studio 2013
VisualStudioVersion = 12.0.31101.0
MinimumVisualStudioVersion = 10.0.40219.1
Project("{2150E333-8FDC-42A3-9474-1A3956D46DE8}") = "public", "public", "{F4FA6669-4DC4-4291-8BFE-90DF13F4B1E3}"
EndProject
Project("{2150E333-8FDC-42A3-9474-1A3956D46DE8}") = "test", "test", "{F725D7C7-EA5B-462F-85F5-7292165745A1}"
EndProject
Project("{8BC9CEB8-8B4A-11D0-8D11-00A0C91BC942}") = "CommonDll", "..\..\public\src\EnhanceLib\Windows\CommonDll.vcxproj", "{902CEA01-2029-4F46-B277-86B30A9D1604}"
EndProject
Project("{8BC9CEB8-8B4A-11D0-8D11-00A0C91BC942}") = "PipeTest", "..\..\test\PipeTest\PipeTest.vcxproj", "{92A88783-4BC4-4B8A-A462-32C5B835F5CB}"
EndProject
Project("{8BC9CEB8-8B4A-11D0-8D11-00A0C91BC942}") = "SocketTest", "..\..\test\SocketTest\SocketTest.vcxproj", "{1EA75B04-8017-4D77-A701-A5365719E3BE}"
EndProject
Project("{8BC9CEB8-8B4A-11D0-8D11-00A0C91BC942}") = "CTLogEx", "..\..\public\src\CTLogEx\CTLogEx.vcxproj", "{FC01AEC6-35F7-4BCC-B2E7-50FF2E33488F}"
EndProject
Project("{2150E333-8FDC-42A3-9474-1A3956D46DE8}") = "server", "server", "{50A29884-4F26-46FD-9B87-93511E5401EE}"
EndProject
Project("{2150E333-8FDC-42A3-9474-1A3956D46DE8}") = "TerminalService", "TerminalService", "{F6C35574-860D-478A-8348-C07ABBE7A5C8}"
EndProject
Project("{8BC9CEB8-8B4A-11D0-8D11-00A0C91BC942}") = "SparkService", "..\..\server\src\TerminalService\SparkMainService\SparkService.vcxproj", "{3622F4DB-FBDA-4C12-8976-414F940F437A}"
EndProject
Project("{8BC9CEB8-8B4A-11D0-8D11-00A0C91BC942}") = "SparkTSProvider", "..\..\server\src\TerminalService\SparkTSProvider\SparkTSProvider.vcxproj", "{B49239AC-7E09-4BF8-8A16-9E65B8F85A8B}"
EndProject
Project("{8BC9CEB8-8B4A-11D0-8D11-00A0C91BC942}") = "BaseObject", "..\..\public\src\EnhanceLib\Base\BaseObject.vcxproj", "{63C25CB7-BA57-4C3F-85BF-30AB32C7C512}"
EndProject
Global
	GlobalSection(SolutionConfigurationPlatforms) = preSolution
		Debug|Win32 = Debug|Win32
		Debug|x64 = Debug|x64
		Release|Win32 = Release|Win32
		Release|x64 = Release|x64
	EndGlobalSection
	GlobalSection(ProjectConfigurationPlatforms) = postSolution
		{902CEA01-2029-4F46-B277-86B30A9D1604}.Debug|Win32.ActiveCfg = Debug|Win32
		{902CEA01-2029-4F46-B277-86B30A9D1604}.Debug|Win32.Build.0 = Debug|Win32
		{902CEA01-2029-4F46-B277-86B30A9D1604}.Debug|x64.ActiveCfg = Debug|x64
		{902CEA01-2029-4F46-B277-86B30A9D1604}.Debug|x64.Build.0 = Debug|x64
		{902CEA01-2029-4F46-B277-86B30A9D1604}.Release|Win32.ActiveCfg = Release|Win32
		{902CEA01-2029-4F46-B277-86B30A9D1604}.Release|Win32.Build.0 = Release|Win32
		{902CEA01-2029-4F46-B277-86B30A9D1604}.Release|x64.ActiveCfg = Release|x64
		{902CEA01-2029-4F46-B277-86B30A9D1604}.Release|x64.Build.0 = Release|x64
		{92A88783-4BC4-4B8A-A462-32C5B835F5CB}.Debug|Win32.ActiveCfg = Debug|Win32
		{92A88783-4BC4-4B8A-A462-32C5B835F5CB}.Debug|Win32.Build.0 = Debug|Win32
		{92A88783-4BC4-4B8A-A462-32C5B835F5CB}.Debug|x64.ActiveCfg = Debug|Win32
		{92A88783-4BC4-4B8A-A462-32C5B835F5CB}.Release|Win32.ActiveCfg = Release|Win32
		{92A88783-4BC4-4B8A-A462-32C5B835F5CB}.Release|Win32.Build.0 = Release|Win32
		{92A88783-4BC4-4B8A-A462-32C5B835F5CB}.Release|x64.ActiveCfg = Release|Win32
		{1EA75B04-8017-4D77-A701-A5365719E3BE}.Debug|Win32.ActiveCfg = Debug|Win32
		{1EA75B04-8017-4D77-A701-A5365719E3BE}.Debug|Win32.Build.0 = Debug|Win32
		{1EA75B04-8017-4D77-A701-A5365719E3BE}.Debug|x64.ActiveCfg = Debug|Win32
		{1EA75B04-8017-4D77-A701-A5365719E3BE}.Release|Win32.ActiveCfg = Release|Win32
		{1EA75B04-8017-4D77-A701-A5365719E3BE}.Release|Win32.Build.0 = Release|Win32
		{1EA75B04-8017-4D77-A701-A5365719E3BE}.Release|x64.ActiveCfg = Release|Win32
		{FC01AEC6-35F7-4BCC-B2E7-50FF2E33488F}.Debug|Win32.ActiveCfg = Debug|Win32
		{FC01AEC6-35F7-4BCC-B2E7-50FF2E33488F}.Debug|Win32.Build.0 = Debug|Win32
		{FC01AEC6-35F7-4BCC-B2E7-50FF2E33488F}.Debug|x64.ActiveCfg = Debug|x64
		{FC01AEC6-35F7-4BCC-B2E7-50FF2E33488F}.Debug|x64.Build.0 = Debug|x64
		{FC01AEC6-35F7-4BCC-B2E7-50FF2E33488F}.Release|Win32.ActiveCfg = Release|Win32
		{FC01AEC6-35F7-4BCC-B2E7-50FF2E33488F}.Release|Win32.Build.0 = Release|Win32
		{FC01AEC6-35F7-4BCC-B2E7-50FF2E33488F}.Release|x64.ActiveCfg = Release|x64
		{FC01AEC6-35F7-4BCC-B2E7-50FF2E33488F}.Release|x64.Build.0 = Release|x64
		{3622F4DB-FBDA-4C12-8976-414F940F437A}.Debug|Win32.ActiveCfg = Debug|Win32
		{3622F4DB-FBDA-4C12-8976-414F940F437A}.Debug|Win32.Build.0 = Debug|Win32
		{3622F4DB-FBDA-4C12-8976-414F940F437A}.Debug|x64.ActiveCfg = Debug|Win32
		{3622F4DB-FBDA-4C12-8976-414F940F437A}.Release|Win32.ActiveCfg = Release|Win32
		{3622F4DB-FBDA-4C12-8976-414F940F437A}.Release|Win32.Build.0 = Release|Win32
		{3622F4DB-FBDA-4C12-8976-414F940F437A}.Release|x64.ActiveCfg = Release|Win32
		{B49239AC-7E09-4BF8-8A16-9E65B8F85A8B}.Debug|Win32.ActiveCfg = Debug|Win32
		{B49239AC-7E09-4BF8-8A16-9E65B8F85A8B}.Debug|Win32.Build.0 = Debug|Win32
		{B49239AC-7E09-4BF8-8A16-9E65B8F85A8B}.Debug|x64.ActiveCfg = Debug|x64
		{B49239AC-7E09-4BF8-8A16-9E65B8F85A8B}.Debug|x64.Build.0 = Debug|x64
		{B49239AC-7E09-4BF8-8A16-9E65B8F85A8B}.Release|Win32.ActiveCfg = Release|Win32
		{B49239AC-7E09-4BF8-8A16-9E65B8F85A8B}.Release|Win32.Build.0 = Release|Win32
		{B49239AC-7E09-4BF8-8A16-9E65B8F85A8B}.Release|x64.ActiveCfg = Release|x64
		{B49239AC-7E09-4BF8-8A16-9E65B8F85A8B}.Release|x64.Build.0 = Release|x64
		{63C25CB7-BA57-4C3F-85BF-30AB32C7C512}.Debug|Win32.ActiveCfg = Debug|Win32
		{63C25CB7-BA57-4C3F-85BF-30AB32C7C512}.Debug|Win32.Build.0 = Debug|Win32
		{63C25CB7-BA57-4C3F-85BF-30AB32C7C512}.Debug|x64.ActiveCfg = Debug|Win32
		{63C25CB7-BA57-4C3F-85BF-30AB32C7C512}.Release|Win32.ActiveCfg = Release|Win32
		{63C25CB7-BA57-4C3F-85BF-30AB32C7C512}.Release|Win32.Build.0 = Release|Win32
		{63C25CB7-BA57-4C3F-85BF-30AB32C7C512}.Release|x64.ActiveCfg = Release|x64
		{63C25CB7-BA57-4C3F-85BF-30AB32C7C512}.Release|x64.Build.0 = Release|x64
	EndGlobalSection
	GlobalSection(SolutionProperties) = preSolution
		HideSolutionNode = FALSE
	EndGlobalSection
	GlobalSection(NestedProjects) = preSolution
		{902CEA01-2029-4F46-B277-86B30A9D1604} = {F4FA6669-4DC4-4291-8BFE-90DF13F4B1E3}
		{92A88783-4BC4-4B8A-A462-32C5B835F5CB} = {F725D7C7-EA5B-462F-85F5-7292165745A1}
		{1EA75B04-8017-4D77-A701-A5365719E3BE} = {F725D7C7-EA5B-462F-85F5-7292165745A1}
		{FC01AEC6-35F7-4BCC-B2E7-50FF2E33488F} = {F4FA6669-4DC4-4291-8BFE-90DF13F4B1E3}
		{F6C35574-860D-478A-8348-C07ABBE7A5C8} = {50A29884-4F26-46FD-9B87-93511E5401EE}
		{3622F4DB-FBDA-4C12-8976-414F940F437A} = {F6C35574-860D-478A-8348-C07ABBE7A5C8}
		{B49239AC-7E09-4BF8-8A16-9E65B8F85A8B} = {F6C35574-860D-478A-8348-C07ABBE7A5C8}
		{63C25CB7-BA57-4C3F-85BF-30AB32C7C512} = {F4FA6669-4DC4-4291-8BFE-90DF13F4B1E3}
	EndGlobalSection
EndGlobal
